
Microsoft Visual Studio Solution File, Format Version 12.00
# Visual Studio Version 16
VisualStudioVersion = 16.0.30907.101
MinimumVisualStudioVersion = 10.0.40219.1
Project("{FAE04EC0-301F-11D3-BF4B-00C04F79EFBC}") = "Voting system", "Voting system\Voting system.csproj", "{7067AA19-A8FC-41F0-9AA8-D1F5D1CE730A}"
EndProject
Global
	GlobalSection(SolutionConfigurationPlatforms) = preSolution
		Debug|Any CPU = Debug|Any CPU
		Release|Any CPU = Release|Any CPU
	EndGlobalSection
	GlobalSection(ProjectConfigurationPlatforms) = postSolution
		{7067AA19-A8FC-41F0-9AA8-D1F5D1CE730A}.Debug|Any CPU.ActiveCfg = Debug|Any CPU
		{7067AA19-A8FC-41F0-9AA8-D1F5D1CE730A}.Debug|Any CPU.Build.0 = Debug|Any CPU
		{7067AA19-A8FC-41F0-9AA8-D1F5D1CE730A}.Release|Any CPU.ActiveCfg = Release|Any CPU
		{7067AA19-A8FC-41F0-9AA8-D1F5D1CE730A}.Release|Any CPU.Build.0 = Release|Any CPU
	EndGlobalSection
	GlobalSection(SolutionProperties) = preSolution
		HideSolutionNode = FALSE
	EndGlobalSection
	GlobalSection(ExtensibilityGlobals) = postSolution
		SolutionGuid = {ABF6200B-E6B0-43E0-AAC0-2B7BF0577B37}
	EndGlobalSection
EndGlobal
